
Microsoft Visual Studio Solution File, Format Version 12.00
# Visual Studio Version 17
VisualStudioVersion = 17.10.34902.84
MinimumVisualStudioVersion = 10.0.40219.1
Project("{FAE04EC0-301F-11D3-BF4B-00C04F79EFBC}") = "LoggingExample", "LoggingExample\LoggingExample.csproj", "{D264B0EC-0FC5-4492-9875-C2E78063CAAF}"
EndProject
Global
	GlobalSection(SolutionConfigurationPlatforms) = preSolution
		Debug|Any CPU = Debug|Any CPU
		Release|Any CPU = Release|Any CPU
	EndGlobalSection
	GlobalSection(ProjectConfigurationPlatforms) = postSolution
		{D264B0EC-0FC5-4492-9875-C2E78063CAAF}.Debug|Any CPU.ActiveCfg = Debug|Any CPU
		{D264B0EC-0FC5-4492-9875-C2E78063CAAF}.Debug|Any CPU.Build.0 = Debug|Any CPU
		{D264B0EC-0FC5-4492-9875-C2E78063CAAF}.Release|Any CPU.ActiveCfg = Release|Any CPU
		{D264B0EC-0FC5-4492-9875-C2E78063CAAF}.Release|Any CPU.Build.0 = Release|Any CPU
	EndGlobalSection
	GlobalSection(SolutionProperties) = preSolution
		HideSolutionNode = FALSE
	EndGlobalSection
	GlobalSection(ExtensibilityGlobals) = postSolution
		SolutionGuid = {0898EF1A-B573-4DD2-AE5D-FF881467353F}
	EndGlobalSection
EndGlobal
